
Microsoft Visual Studio Solution File, Format Version 12.00
# Visual Studio Version 17
VisualStudioVersion = 17.3.32819.101
MinimumVisualStudioVersion = 10.0.40219.1
Project("{8BC9CEB8-8B4A-11D0-8D11-00A0C91BC942}") = "ConsoleApplication1", "ConsoleApplication1\ConsoleApplication1.vcxproj", "{B86B08A2-FFB4-4230-A9BB-9B5306C64AA0}"
EndProject
Global
	GlobalSection(SolutionConfigurationPlatforms) = preSolution
		Debug|x64 = Debug|x64
		Debug|x86 = Debug|x86
		Release|x64 = Release|x64
		Release|x86 = Release|x86
	EndGlobalSection
	GlobalSection(ProjectConfigurationPlatforms) = postSolution
		{B86B08A2-FFB4-4230-A9BB-9B5306C64AA0}.Debug|x64.ActiveCfg = Debug|x64
		{B86B08A2-FFB4-4230-A9BB-9B5306C64AA0}.Debug|x64.Build.0 = Debug|x64
		{B86B08A2-FFB4-4230-A9BB-9B5306C64AA0}.Debug|x86.ActiveCfg = Debug|Win32
		{B86B08A2-FFB4-4230-A9BB-9B5306C64AA0}.Debug|x86.Build.0 = Debug|Win32
		{B86B08A2-FFB4-4230-A9BB-9B5306C64AA0}.Release|x64.ActiveCfg = Release|x64
		{B86B08A2-FFB4-4230-A9BB-9B5306C64AA0}.Release|x64.Build.0 = Release|x64
		{B86B08A2-FFB4-4230-A9BB-9B5306C64AA0}.Release|x86.ActiveCfg = Release|Win32
		{B86B08A2-FFB4-4230-A9BB-9B5306C64AA0}.Release|x86.Build.0 = Release|Win32
	EndGlobalSection
	GlobalSection(SolutionProperties) = preSolution
		HideSolutionNode = FALSE
	EndGlobalSection
	GlobalSection(ExtensibilityGlobals) = postSolution
		SolutionGuid = {5C1156D6-1185-4E35-B173-256200C7C332}
	EndGlobalSection
EndGlobal
